
Microsoft Visual Studio Solution File, Format Version 12.00
# Visual Studio Version 16
VisualStudioVersion = 16.0.30114.105
MinimumVisualStudioVersion = 10.0.40219.1
Project("{D2ABAB84-BF74-430A-B69E-9DC6D40DDA17}") = "AngeliqueCubes", "Analysis Services Tutorial\AngeliqueCubes.dwproj", "{17465F17-C05B-466E-9A55-EC1E1DB76C52}"
EndProject
Global
	GlobalSection(SolutionConfigurationPlatforms) = preSolution
		Development|Default = Development|Default
	EndGlobalSection
	GlobalSection(ProjectConfigurationPlatforms) = postSolution
		{17465F17-C05B-466E-9A55-EC1E1DB76C52}.Development|Default.ActiveCfg = Development
		{17465F17-C05B-466E-9A55-EC1E1DB76C52}.Development|Default.Build.0 = Development
		{17465F17-C05B-466E-9A55-EC1E1DB76C52}.Development|Default.Deploy.0 = Development
	EndGlobalSection
	GlobalSection(SolutionProperties) = preSolution
		HideSolutionNode = FALSE
	EndGlobalSection
	GlobalSection(ExtensibilityGlobals) = postSolution
		SolutionGuid = {29B49F01-6F35-4692-B11A-9FFF3B4BB548}
	EndGlobalSection
EndGlobal
